// !$*UTF8*$!
{
	archiveVersion = 1;
	classes = {
	};
	objectVersion = 51;
	objects = {

/* Begin PBXBuildFile section */
		444B7510244C929900291578 /* CalendarViewController.swift in Sources */ = {isa = PBXBuildFile; fileRef = 444B750F244C929900291578 /* CalendarViewController.swift */; };
		444B7512244C9B7500291578 /* CalendarViewModel.swift in Sources */ = {isa = PBXBuildFile; fileRef = 444B7511244C9B7500291578 /* CalendarViewModel.swift */; };
		4479EC7E244DAB1B001D61AE /* AddToDoListViewModel.swift in Sources */ = {isa = PBXBuildFile; fileRef = 4479EC7D244DAB1B001D61AE /* AddToDoListViewModel.swift */; };
		449F359E2450914F004C6BE9 /* CheckBox.swift in Sources */ = {isa = PBXBuildFile; fileRef = 449F359D2450914F004C6BE9 /* CheckBox.swift */; };
		449F35A1245099BF004C6BE9 /* CustomToDoCell.xib in Resources */ = {isa = PBXBuildFile; fileRef = 449F359F245099BF004C6BE9 /* CustomToDoCell.xib */; };
		449F35A2245099BF004C6BE9 /* CustomToDoCell.swift in Sources */ = {isa = PBXBuildFile; fileRef = 449F35A0245099BF004C6BE9 /* CustomToDoCell.swift */; };
		44A53F59243B159700A84E77 /* ToDoListViewController.swift in Sources */ = {isa = PBXBuildFile; fileRef = 44A53F58243B159700A84E77 /* ToDoListViewController.swift */; };
		44A53F5B243B1B6900A84E77 /* ToDoModel.swift in Sources */ = {isa = PBXBuildFile; fileRef = 44A53F5A243B1B6900A84E77 /* ToDoModel.swift */; };
		44A53F5D243B1FA400A84E77 /* AddToDoListViewController.swift in Sources */ = {isa = PBXBuildFile; fileRef = 44A53F5C243B1FA400A84E77 /* AddToDoListViewController.swift */; };
		44C0856E243A071A008CD46B /* AppDelegate.swift in Sources */ = {isa = PBXBuildFile; fileRef = 44C0856D243A071A008CD46B /* AppDelegate.swift */; };
		44C08570243A071A008CD46B /* SceneDelegate.swift in Sources */ = {isa = PBXBuildFile; fileRef = 44C0856F243A071A008CD46B /* SceneDelegate.swift */; };
		44C08575243A071A008CD46B /* Main.storyboard in Resources */ = {isa = PBXBuildFile; fileRef = 44C08573243A071A008CD46B /* Main.storyboard */; };
		44C08577243A0727008CD46B /* Assets.xcassets in Resources */ = {isa = PBXBuildFile; fileRef = 44C08576243A0727008CD46B /* Assets.xcassets */; };
		44C0857A243A0727008CD46B /* LaunchScreen.storyboard in Resources */ = {isa = PBXBuildFile; fileRef = 44C08578243A0727008CD46B /* LaunchScreen.storyboard */; };
		E5547C0D10E68C2DC6AC1AAB /* Pods_ToDoApp.framework in Frameworks */ = {isa = PBXBuildFile; fileRef = 798D7F569EEE496DBDAFF081 /* Pods_ToDoApp.framework */; };
/* End PBXBuildFile section */

/* Begin PBXFileReference section */
		444B750F244C929900291578 /* CalendarViewController.swift */ = {isa = PBXFileReference; lastKnownFileType = sourcecode.swift; path = CalendarViewController.swift; sourceTree = "<group>"; };
		444B7511244C9B7500291578 /* CalendarViewModel.swift */ = {isa = PBXFileReference; lastKnownFileType = sourcecode.swift; path = CalendarViewModel.swift; sourceTree = "<group>"; };
		4479EC7D244DAB1B001D61AE /* AddToDoListViewModel.swift */ = {isa = PBXFileReference; lastKnownFileType = sourcecode.swift; path = AddToDoListViewModel.swift; sourceTree = "<group>"; };
		449F359D2450914F004C6BE9 /* CheckBox.swift */ = {isa = PBXFileReference; lastKnownFileType = sourcecode.swift; path = CheckBox.swift; sourceTree = "<group>"; };
		449F359F245099BF004C6BE9 /* CustomToDoCell.xib */ = {isa = PBXFileReference; lastKnownFileType = file.xib; path = CustomToDoCell.xib; sourceTree = "<group>"; };
		449F35A0245099BF004C6BE9 /* CustomToDoCell.swift */ = {isa = PBXFileReference; lastKnownFileType = sourcecode.swift; path = CustomToDoCell.swift; sourceTree = "<group>"; };
		44A53F58243B159700A84E77 /* ToDoListViewController.swift */ = {isa = PBXFileReference; lastKnownFileType = sourcecode.swift; path = ToDoListViewController.swift; sourceTree = "<group>"; };
		44A53F5A243B1B6900A84E77 /* ToDoModel.swift */ = {isa = PBXFileReference; lastKnownFileType = sourcecode.swift; path = ToDoModel.swift; sourceTree = "<group>"; };
		44A53F5C243B1FA400A84E77 /* AddToDoListViewController.swift */ = {isa = PBXFileReference; lastKnownFileType = sourcecode.swift; path = AddToDoListViewController.swift; sourceTree = "<group>"; };
		44C0856A243A071A008CD46B /* ToDoApp.app */ = {isa = PBXFileReference; explicitFileType = wrapper.application; includeInIndex = 0; path = ToDoApp.app; sourceTree = BUILT_PRODUCTS_DIR; };
		44C0856D243A071A008CD46B /* AppDelegate.swift */ = {isa = PBXFileReference; lastKnownFileType = sourcecode.swift; path = AppDelegate.swift; sourceTree = "<group>"; };
		44C0856F243A071A008CD46B /* SceneDelegate.swift */ = {isa = PBXFileReference; lastKnownFileType = sourcecode.swift; path = SceneDelegate.swift; sourceTree = "<group>"; };
		44C08574243A071A008CD46B /* Base */ = {isa = PBXFileReference; lastKnownFileType = file.storyboard; name = Base; path = Base.lproj/Main.storyboard; sourceTree = "<group>"; };
		44C08576243A0727008CD46B /* Assets.xcassets */ = {isa = PBXFileReference; lastKnownFileType = folder.assetcatalog; path = Assets.xcassets; sourceTree = "<group>"; };
		44C08579243A0727008CD46B /* Base */ = {isa = PBXFileReference; lastKnownFileType = file.storyboard; name = Base; path = Base.lproj/LaunchScreen.storyboard; sourceTree = "<group>"; };
		44C0857B243A0727008CD46B /* Info.plist */ = {isa = PBXFileReference; lastKnownFileType = text.plist.xml; path = Info.plist; sourceTree = "<group>"; };
		798D7F569EEE496DBDAFF081 /* Pods_ToDoApp.framework */ = {isa = PBXFileReference; explicitFileType = wrapper.framework; includeInIndex = 0; path = Pods_ToDoApp.framework; sourceTree = BUILT_PRODUCTS_DIR; };
		AF7CC5BD72217D5689372EE6 /* Pods-ToDoApp.debug.xcconfig */ = {isa = PBXFileReference; includeInIndex = 1; lastKnownFileType = text.xcconfig; name = "Pods-ToDoApp.debug.xcconfig"; path = "Target Support Files/Pods-ToDoApp/Pods-ToDoApp.debug.xcconfig"; sourceTree = "<group>"; };
		E22182EAED1CF2E679E46CA6 /* Pods-ToDoApp.release.xcconfig */ = {isa = PBXFileReference; includeInIndex = 1; lastKnownFileType = text.xcconfig; name = "Pods-ToDoApp.release.xcconfig"; path = "Target Support Files/Pods-ToDoApp/Pods-ToDoApp.release.xcconfig"; sourceTree = "<group>"; };
/* End PBXFileReference section */

/* Begin PBXFrameworksBuildPhase section */
		44C08567243A071A008CD46B /* Frameworks */ = {
			isa = PBXFrameworksBuildPhase;
			buildActionMask = 2147483647;
			files = (
				E5547C0D10E68C2DC6AC1AAB /* Pods_ToDoApp.framework in Frameworks */,
			);
			runOnlyForDeploymentPostprocessing = 0;
		};
/* End PBXFrameworksBuildPhase section */

/* Begin PBXGroup section */
		44C08561243A071A008CD46B = {
			isa = PBXGroup;
			children = (
				44C0856C243A071A008CD46B /* ToDoApp */,
				44C0856B243A071A008CD46B /* Products */,
				450A1A6F0B9E934DB6AE9E41 /* Pods */,
				569A2809FDF4C87126BDD7B9 /* Frameworks */,
			);
			sourceTree = "<group>";
		};
		44C0856B243A071A008CD46B /* Products */ = {
			isa = PBXGroup;
			children = (
				44C0856A243A071A008CD46B /* ToDoApp.app */,
			);
			name = Products;
			sourceTree = "<group>";
		};
		44C0856C243A071A008CD46B /* ToDoApp */ = {
			isa = PBXGroup;
			children = (
				44C0856D243A071A008CD46B /* AppDelegate.swift */,
				44C0856F243A071A008CD46B /* SceneDelegate.swift */,
				44C08573243A071A008CD46B /* Main.storyboard */,
				449F359F245099BF004C6BE9 /* CustomToDoCell.xib */,
				449F35A0245099BF004C6BE9 /* CustomToDoCell.swift */,
				444B750F244C929900291578 /* CalendarViewController.swift */,
				449F359D2450914F004C6BE9 /* CheckBox.swift */,
				444B7511244C9B7500291578 /* CalendarViewModel.swift */,
				44A53F5C243B1FA400A84E77 /* AddToDoListViewController.swift */,
				4479EC7D244DAB1B001D61AE /* AddToDoListViewModel.swift */,
				44A53F5A243B1B6900A84E77 /* ToDoModel.swift */,
				44A53F58243B159700A84E77 /* ToDoListViewController.swift */,
				44C08576243A0727008CD46B /* Assets.xcassets */,
				44C08578243A0727008CD46B /* LaunchScreen.storyboard */,
				44C0857B243A0727008CD46B /* Info.plist */,
			);
			path = ToDoApp;
			sourceTree = "<group>";
		};
		450A1A6F0B9E934DB6AE9E41 /* Pods */ = {
			isa = PBXGroup;
			children = (
				AF7CC5BD72217D5689372EE6 /* Pods-ToDoApp.debug.xcconfig */,
				E22182EAED1CF2E679E46CA6 /* Pods-ToDoApp.release.xcconfig */,
			);
			path = Pods;
			sourceTree = "<group>";
		};
		569A2809FDF4C87126BDD7B9 /* Frameworks */ = {
			isa = PBXGroup;
			children = (
				798D7F569EEE496DBDAFF081 /* Pods_ToDoApp.framework */,
			);
			name = Frameworks;
			sourceTree = "<group>";
		};
/* End PBXGroup section */

/* Begin PBXNativeTarget section */
		44C08569243A071A008CD46B /* ToDoApp */ = {
			isa = PBXNativeTarget;
			buildConfigurationList = 44C0857E243A0727008CD46B /* Build configuration list for PBXNativeTarget "ToDoApp" */;
			buildPhases = (
				72A928FA4BB7DFFF04A80EC4 /* [CP] Check Pods Manifest.lock */,
				44C08566243A071A008CD46B /* Sources */,
				44C08567243A071A008CD46B /* Frameworks */,
				44C08568243A071A008CD46B /* Resources */,
				9344DD89A14F89A9B7CBB221 /* [CP] Embed Pods Frameworks */,
			);
			buildRules = (
			);
			dependencies = (
			);
			name = ToDoApp;
			productName = ToDoApp;
			productReference = 44C0856A243A071A008CD46B /* ToDoApp.app */;
			productType = "com.apple.product-type.application";
		};
/* End PBXNativeTarget section */

/* Begin PBXProject section */
		44C08562243A071A008CD46B /* Project object */ = {
			isa = PBXProject;
			attributes = {
				LastSwiftUpdateCheck = 1130;
				LastUpgradeCheck = 1130;
				ORGANIZATIONNAME = "工藤海斗";
				TargetAttributes = {
					44C08569243A071A008CD46B = {
						CreatedOnToolsVersion = 11.3.1;
					};
				};
			};
			buildConfigurationList = 44C08565243A071A008CD46B /* Build configuration list for PBXProject "ToDoApp" */;
			compatibilityVersion = "Xcode 9.3";
			developmentRegion = en;
			hasScannedForEncodings = 0;
			knownRegions = (
				en,
				Base,
			);
			mainGroup = 44C08561243A071A008CD46B;
			productRefGroup = 44C0856B243A071A008CD46B /* Products */;
			projectDirPath = "";
			projectRoot = "";
			targets = (
				44C08569243A071A008CD46B /* ToDoApp */,
			);
		};
/* End PBXProject section */

/* Begin PBXResourcesBuildPhase section */
		44C08568243A071A008CD46B /* Resources */ = {
			isa = PBXResourcesBuildPhase;
			buildActionMask = 2147483647;
			files = (
				449F35A1245099BF004C6BE9 /* CustomToDoCell.xib in Resources */,
				44C0857A243A0727008CD46B /* LaunchScreen.storyboard in Resources */,
				44C08577243A0727008CD46B /* Assets.xcassets in Resources */,
				44C08575243A071A008CD46B /* Main.storyboard in Resources */,
			);
			runOnlyForDeploymentPostprocessing = 0;
		};
/* End PBXResourcesBuildPhase section */

/* Begin PBXShellScriptBuildPhase section */
		72A928FA4BB7DFFF04A80EC4 /* [CP] Check Pods Manifest.lock */ = {
			isa = PBXShellScriptBuildPhase;
			buildActionMask = 2147483647;
			files = (
			);
			inputFileListPaths = (
			);
			inputPaths = (
				"${PODS_PODFILE_DIR_PATH}/Podfile.lock",
				"${PODS_ROOT}/Manifest.lock",
			);
			name = "[CP] Check Pods Manifest.lock";
			outputFileListPaths = (
			);
			outputPaths = (
				"$(DERIVED_FILE_DIR)/Pods-ToDoApp-checkManifestLockResult.txt",
			);
			runOnlyForDeploymentPostprocessing = 0;
			shellPath = /bin/sh;
			shellScript = "diff \"${PODS_PODFILE_DIR_PATH}/Podfile.lock\" \"${PODS_ROOT}/Manifest.lock\" > /dev/null\nif [ $? != 0 ] ; then\n    # print error to STDERR\n    echo \"error: The sandbox is not in sync with the Podfile.lock. Run 'pod install' or update your CocoaPods installation.\" >&2\n    exit 1\nfi\n# This output is used by Xcode 'outputs' to avoid re-running this script phase.\necho \"SUCCESS\" > \"${SCRIPT_OUTPUT_FILE_0}\"\n";
			showEnvVarsInLog = 0;
		};
		9344DD89A14F89A9B7CBB221 /* [CP] Embed Pods Frameworks */ = {
			isa = PBXShellScriptBuildPhase;
			buildActionMask = 2147483647;
			files = (
			);
			inputFileListPaths = (
				"${PODS_ROOT}/Target Support Files/Pods-ToDoApp/Pods-ToDoApp-frameworks-${CONFIGURATION}-input-files.xcfilelist",
			);
			name = "[CP] Embed Pods Frameworks";
			outputFileListPaths = (
				"${PODS_ROOT}/Target Support Files/Pods-ToDoApp/Pods-ToDoApp-frameworks-${CONFIGURATION}-output-files.xcfilelist",
			);
			runOnlyForDeploymentPostprocessing = 0;
			shellPath = /bin/sh;
			shellScript = "\"${PODS_ROOT}/Target Support Files/Pods-ToDoApp/Pods-ToDoApp-frameworks.sh\"\n";
			showEnvVarsInLog = 0;
		};
/* End PBXShellScriptBuildPhase section */

/* Begin PBXSourcesBuildPhase section */
		44C08566243A071A008CD46B /* Sources */ = {
			isa = PBXSourcesBuildPhase;
			buildActionMask = 2147483647;
			files = (
				444B7510244C929900291578 /* CalendarViewController.swift in Sources */,
				44C0856E243A071A008CD46B /* AppDelegate.swift in Sources */,
				449F359E2450914F004C6BE9 /* CheckBox.swift in Sources */,
				44A53F5D243B1FA400A84E77 /* AddToDoListViewController.swift in Sources */,
				44A53F5B243B1B6900A84E77 /* ToDoModel.swift in Sources */,
				4479EC7E244DAB1B001D61AE /* AddToDoListViewModel.swift in Sources */,
				449F35A2245099BF004C6BE9 /* CustomToDoCell.swift in Sources */,
				44A53F59243B159700A84E77 /* ToDoListViewController.swift in Sources */,
				44C08570243A071A008CD46B /* SceneDelegate.swift in Sources */,
				444B7512244C9B7500291578 /* CalendarViewModel.swift in Sources */,
			);
			runOnlyForDeploymentPostprocessing = 0;
		};
/* End PBXSourcesBuildPhase section */

/* Begin PBXVariantGroup section */
		44C08573243A071A008CD46B /* Main.storyboard */ = {
			isa = PBXVariantGroup;
			children = (
				44C08574243A071A008CD46B /* Base */,
			);
			name = Main.storyboard;
			sourceTree = "<group>";
		};
		44C08578243A0727008CD46B /* LaunchScreen.storyboard */ = {
			isa = PBXVariantGroup;
			children = (
				44C08579243A0727008CD46B /* Base */,
			);
			name = LaunchScreen.storyboard;
			sourceTree = "<group>";
		};
/* End PBXVariantGroup section */

/* Begin XCBuildConfiguration section */
		44C0857C243A0727008CD46B /* Debug */ = {
			isa = XCBuildConfiguration;
			buildSettings = {
				ALWAYS_SEARCH_USER_PATHS = NO;
				CLANG_ANALYZER_NONNULL = YES;
				CLANG_ANALYZER_NUMBER_OBJECT_CONVERSION = YES_AGGRESSIVE;
				CLANG_CXX_LANGUAGE_STANDARD = "gnu++14";
				CLANG_CXX_LIBRARY = "libc++";
				CLANG_ENABLE_MODULES = YES;
				CLANG_ENABLE_OBJC_ARC = YES;
				CLANG_ENABLE_OBJC_WEAK = YES;
				CLANG_WARN_BLOCK_CAPTURE_AUTORELEASING = YES;
				CLANG_WARN_BOOL_CONVERSION = YES;
				CLANG_WARN_COMMA = YES;
				CLANG_WARN_CONSTANT_CONVERSION = YES;
				CLANG_WARN_DEPRECATED_OBJC_IMPLEMENTATIONS = YES;
				CLANG_WARN_DIRECT_OBJC_ISA_USAGE = YES_ERROR;
				CLANG_WARN_DOCUMENTATION_COMMENTS = YES;
				CLANG_WARN_EMPTY_BODY = YES;
				CLANG_WARN_ENUM_CONVERSION = YES;
				CLANG_WARN_INFINITE_RECURSION = YES;
				CLANG_WARN_INT_CONVERSION = YES;
				CLANG_WARN_NON_LITERAL_NULL_CONVERSION = YES;
				CLANG_WARN_OBJC_IMPLICIT_RETAIN_SELF = YES;
				CLANG_WARN_OBJC_LITERAL_CONVERSION = YES;
				CLANG_WARN_OBJC_ROOT_CLASS = YES_ERROR;
				CLANG_WARN_RANGE_LOOP_ANALYSIS = YES;
				CLANG_WARN_STRICT_PROTOTYPES = YES;
				CLANG_WARN_SUSPICIOUS_MOVE = YES;
				CLANG_WARN_UNGUARDED_AVAILABILITY = YES_AGGRESSIVE;
				CLANG_WARN_UNREACHABLE_CODE = YES;
				CLANG_WARN__DUPLICATE_METHOD_MATCH = YES;
				COPY_PHASE_STRIP = NO;
				DEBUG_INFORMATION_FORMAT = dwarf;
				ENABLE_STRICT_OBJC_MSGSEND = YES;
				ENABLE_TESTABILITY = YES;
				GCC_C_LANGUAGE_STANDARD = gnu11;
				GCC_DYNAMIC_NO_PIC = NO;
				GCC_NO_COMMON_BLOCKS = YES;
				GCC_OPTIMIZATION_LEVEL = 0;
				GCC_PREPROCESSOR_DEFINITIONS = (
					"DEBUG=1",
					"$(inherited)",
				);
				GCC_WARN_64_TO_32_BIT_CONVERSION = YES;
				GCC_WARN_ABOUT_RETURN_TYPE = YES_ERROR;
				GCC_WARN_UNDECLARED_SELECTOR = YES;
				GCC_WARN_UNINITIALIZED_AUTOS = YES_AGGRESSIVE;
				GCC_WARN_UNUSED_FUNCTION = YES;
				GCC_WARN_UNUSED_VARIABLE = YES;
				IPHONEOS_DEPLOYMENT_TARGET = 13.2;
				MTL_ENABLE_DEBUG_INFO = INCLUDE_SOURCE;
				MTL_FAST_MATH = YES;
				ONLY_ACTIVE_ARCH = YES;
				SDKROOT = iphoneos;
				SWIFT_ACTIVE_COMPILATION_CONDITIONS = DEBUG;
				SWIFT_OPTIMIZATION_LEVEL = "-Onone";
			};
			name = Debug;
		};
		44C0857D243A0727008CD46B /* Release */ = {
			isa = XCBuildConfiguration;
			buildSettings = {
				ALWAYS_SEARCH_USER_PATHS = NO;
				CLANG_ANALYZER_NONNULL = YES;
				CLANG_ANALYZER_NUMBER_OBJECT_CONVERSION = YES_AGGRESSIVE;
				CLANG_CXX_LANGUAGE_STANDARD = "gnu++14";
				CLANG_CXX_LIBRARY = "libc++";
				CLANG_ENABLE_MODULES = YES;
				CLANG_ENABLE_OBJC_ARC = YES;
				CLANG_ENABLE_OBJC_WEAK = YES;
				CLANG_WARN_BLOCK_CAPTURE_AUTORELEASING = YES;
				CLANG_WARN_BOOL_CONVERSION = YES;
				CLANG_WARN_COMMA = YES;
				CLANG_WARN_CONSTANT_CONVERSION = YES;
				CLANG_WARN_DEPRECATED_OBJC_IMPLEMENTATIONS = YES;
				CLANG_WARN_DIRECT_OBJC_ISA_USAGE = YES_ERROR;
				CLANG_WARN_DOCUMENTATION_COMMENTS = YES;
				CLANG_WARN_EMPTY_BODY = YES;
				CLANG_WARN_ENUM_CONVERSION = YES;
				CLANG_WARN_INFINITE_RECURSION = YES;
				CLANG_WARN_INT_CONVERSION = YES;
				CLANG_WARN_NON_LITERAL_NULL_CONVERSION = YES;
				CLANG_WARN_OBJC_IMPLICIT_RETAIN_SELF = YES;
				CLANG_WARN_OBJC_LITERAL_CONVERSION = YES;
				CLANG_WARN_OBJC_ROOT_CLASS = YES_ERROR;
				CLANG_WARN_RANGE_LOOP_ANALYSIS = YES;
				CLANG_WARN_STRICT_PROTOTYPES = YES;
				CLANG_WARN_SUSPICIOUS_MOVE = YES;
				CLANG_WARN_UNGUARDED_AVAILABILITY = YES_AGGRESSIVE;
				CLANG_WARN_UNREACHABLE_CODE = YES;
				CLANG_WARN__DUPLICATE_METHOD_MATCH = YES;
				COPY_PHASE_STRIP = NO;
				DEBUG_INFORMATION_FORMAT = "dwarf-with-dsym";
				ENABLE_NS_ASSERTIONS = NO;
				ENABLE_STRICT_OBJC_MSGSEND = YES;
				GCC_C_LANGUAGE_STANDARD = gnu11;
				GCC_NO_COMMON_BLOCKS = YES;
				GCC_WARN_64_TO_32_BIT_CONVERSION = YES;
				GCC_WARN_ABOUT_RETURN_TYPE = YES_ERROR;
				GCC_WARN_UNDECLARED_SELECTOR = YES;
				GCC_WARN_UNINITIALIZED_AUTOS = YES_AGGRESSIVE;
				GCC_WARN_UNUSED_FUNCTION = YES;
				GCC_WARN_UNUSED_VARIABLE = YES;
				IPHONEOS_DEPLOYMENT_TARGET = 13.2;
				MTL_ENABLE_DEBUG_INFO = NO;
				MTL_FAST_MATH = YES;
				SDKROOT = iphoneos;
				SWIFT_COMPILATION_MODE = wholemodule;
				SWIFT_OPTIMIZATION_LEVEL = "-O";
				VALIDATE_PRODUCT = YES;
			};
			name = Release;
		};
		44C0857F243A0727008CD46B /* Debug */ = {
			isa = XCBuildConfiguration;
			baseConfigurationReference = AF7CC5BD72217D5689372EE6 /* Pods-ToDoApp.debug.xcconfig */;
			buildSettings = {
				ASSETCATALOG_COMPILER_APPICON_NAME = AppIcon;
				CODE_SIGN_STYLE = Automatic;
				DEVELOPMENT_TEAM = DX3FKMWYLL;
				INFOPLIST_FILE = ToDoApp/Info.plist;
				LD_RUNPATH_SEARCH_PATHS = (
					"$(inherited)",
					"@executable_path/Frameworks",
				);
				PRODUCT_BUNDLE_IDENTIFIER = kaitokudouToDoAppVer1.00;
				PRODUCT_NAME = "$(TARGET_NAME)";
				SWIFT_VERSION = 5.0;
				TARGETED_DEVICE_FAMILY = "1,2";
			};
			name = Debug;
		};
		44C08580243A0727008CD46B /* Release */ = {
			isa = XCBuildConfiguration;
			baseConfigurationReference = E22182EAED1CF2E679E46CA6 /* Pods-ToDoApp.release.xcconfig */;
			buildSettings = {
				ASSETCATALOG_COMPILER_APPICON_NAME = AppIcon;
				CODE_SIGN_STYLE = Automatic;
				DEVELOPMENT_TEAM = DX3FKMWYLL;
				INFOPLIST_FILE = ToDoApp/Info.plist;
				LD_RUNPATH_SEARCH_PATHS = (
					"$(inherited)",
					"@executable_path/Frameworks",
				);
				PRODUCT_BUNDLE_IDENTIFIER = kaitokudouToDoAppVer1.00;
				PRODUCT_NAME = "$(TARGET_NAME)";
				SWIFT_VERSION = 5.0;
				TARGETED_DEVICE_FAMILY = "1,2";
			};
			name = Release;
		};
/* End XCBuildConfiguration section */

/* Begin XCConfigurationList section */
		44C08565243A071A008CD46B /* Build configuration list for PBXProject "ToDoApp" */ = {
			isa = XCConfigurationList;
			buildConfigurations = (
				44C0857C243A0727008CD46B /* Debug */,
				44C0857D243A0727008CD46B /* Release */,
			);
			defaultConfigurationIsVisible = 0;
			defaultConfigurationName = Release;
		};
		44C0857E243A0727008CD46B /* Build configuration list for PBXNativeTarget "ToDoApp" */ = {
			isa = XCConfigurationList;
			buildConfigurations = (
				44C0857F243A0727008CD46B /* Debug */,
				44C08580243A0727008CD46B /* Release */,
			);
			defaultConfigurationIsVisible = 0;
			defaultConfigurationName = Release;
		};
/* End XCConfigurationList section */
	};
	rootObject = 44C08562243A071A008CD46B /* Project object */;
}
